
Microsoft Visual Studio Solution File, Format Version 12.00
# Visual Studio 15
VisualStudioVersion = 15.0.27004.2002
MinimumVisualStudioVersion = 10.0.40219.1
Project("{FAE04EC0-301F-11D3-BF4B-00C04F79EFBC}") = "ElevenNote.Web", "ElevenNote.Web\ElevenNote.Web.csproj", "{657B1F99-D86E-464B-8E93-A78757B106C3}"
EndProject
Global
	GlobalSection(SolutionConfigurationPlatforms) = preSolution
		Debug|Any CPU = Debug|Any CPU
		Release|Any CPU = Release|Any CPU
	EndGlobalSection
	GlobalSection(ProjectConfigurationPlatforms) = postSolution
		{657B1F99-D86E-464B-8E93-A78757B106C3}.Debug|Any CPU.ActiveCfg = Debug|Any CPU
		{657B1F99-D86E-464B-8E93-A78757B106C3}.Debug|Any CPU.Build.0 = Debug|Any CPU
		{657B1F99-D86E-464B-8E93-A78757B106C3}.Release|Any CPU.ActiveCfg = Release|Any CPU
		{657B1F99-D86E-464B-8E93-A78757B106C3}.Release|Any CPU.Build.0 = Release|Any CPU
	EndGlobalSection
	GlobalSection(SolutionProperties) = preSolution
		HideSolutionNode = FALSE
	EndGlobalSection
	GlobalSection(ExtensibilityGlobals) = postSolution
		SolutionGuid = {394E8FC3-A8B5-4358-9B04-1302047EF442}
	EndGlobalSection
EndGlobal
